// !$*UTF8*$!
{
	archiveVersion = 1;
	classes = {
	};
	objectVersion = 55;
	objects = {

/* Begin PBXFileReference section */
		48D66D5B275235BE0088417A /* panels.py */ = {isa = PBXFileReference; lastKnownFileType = text.script.python; path = panels.py; sourceTree = "<group>"; };
/* End PBXFileReference section */

/* Begin PBXGroup section */
		48D66D54275235690088417A = {
			isa = PBXGroup;
			children = (
				48D66D5B275235BE0088417A /* panels.py */,
			);
			sourceTree = "<group>";
		};
/* End PBXGroup section */

/* Begin PBXProject section */
		48D66D55275235690088417A /* Project object */ = {
			isa = PBXProject;
			attributes = {
				BuildIndependentTargetsInParallel = 1;
				LastUpgradeCheck = 1310;
			};
			buildConfigurationList = 48D66D58275235690088417A /* Build configuration list for PBXProject "Solar-panel" */;
			compatibilityVersion = "Xcode 13.0";
			developmentRegion = en;
			hasScannedForEncodings = 0;
			knownRegions = (
				en,
				Base,
			);
			mainGroup = 48D66D54275235690088417A;
			projectDirPath = "";
			projectRoot = "";
			targets = (
			);
		};
/* End PBXProject section */

/* Begin XCBuildConfiguration section */
		48D66D59275235690088417A /* Debug */ = {
			isa = XCBuildConfiguration;
			buildSettings = {
			};
			name = Debug;
		};
		48D66D5A275235690088417A /* Release */ = {
			isa = XCBuildConfiguration;
			buildSettings = {
			};
			name = Release;
		};
/* End XCBuildConfiguration section */

/* Begin XCConfigurationList section */
		48D66D58275235690088417A /* Build configuration list for PBXProject "Solar-panel" */ = {
			isa = XCConfigurationList;
			buildConfigurations = (
				48D66D59275235690088417A /* Debug */,
				48D66D5A275235690088417A /* Release */,
			);
			defaultConfigurationIsVisible = 0;
			defaultConfigurationName = Release;
		};
/* End XCConfigurationList section */
	};
	rootObject = 48D66D55275235690088417A /* Project object */;
}
